
Microsoft Visual Studio Solution File, Format Version 12.00
# Visual Studio Version 17
VisualStudioVersion = 17.4.33205.214
MinimumVisualStudioVersion = 10.0.40219.1
Project("{FAE04EC0-301F-11D3-BF4B-00C04F79EFBC}") = "calculadora_energia", "calculadora_energia.csproj", "{16986B51-6442-4212-A5F5-E7F19E563C3C}"
EndProject
Global
	GlobalSection(SolutionConfigurationPlatforms) = preSolution
		Debug|Any CPU = Debug|Any CPU
		Release|Any CPU = Release|Any CPU
	EndGlobalSection
	GlobalSection(ProjectConfigurationPlatforms) = postSolution
		{16986B51-6442-4212-A5F5-E7F19E563C3C}.Debug|Any CPU.ActiveCfg = Debug|Any CPU
		{16986B51-6442-4212-A5F5-E7F19E563C3C}.Debug|Any CPU.Build.0 = Debug|Any CPU
		{16986B51-6442-4212-A5F5-E7F19E563C3C}.Release|Any CPU.ActiveCfg = Release|Any CPU
		{16986B51-6442-4212-A5F5-E7F19E563C3C}.Release|Any CPU.Build.0 = Release|Any CPU
	EndGlobalSection
	GlobalSection(SolutionProperties) = preSolution
		HideSolutionNode = FALSE
	EndGlobalSection
	GlobalSection(ExtensibilityGlobals) = postSolution
		SolutionGuid = {CF4F45B7-6DBE-4BDA-B905-24058A0CB5B8}
	EndGlobalSection
EndGlobal
